
Microsoft Visual Studio Solution File, Format Version 12.00
# Visual Studio Version 17
VisualStudioVersion = 17.8.34330.188
MinimumVisualStudioVersion = 10.0.40219.1
Project("{9A19103F-16F7-4668-BE54-9A1E7A4F7556}") = "Zer0.Tv", "Zer0.Tv\Zer0.Tv.csproj", "{37A0D782-CEBB-4EA9-9EA7-C8D5BDBD6796}"
EndProject
Project("{9A19103F-16F7-4668-BE54-9A1E7A4F7556}") = "Zer0.Tv.Infrastructure", "Zer0.Tv.Infrastructure\Zer0.Tv.Infrastructure.csproj", "{2667219D-D81B-4D8B-A989-34A7B8898206}"
EndProject
Project("{9A19103F-16F7-4668-BE54-9A1E7A4F7556}") = "Zer0.Tv.Domain", "Zer0.Tv.Domain\Zer0.Tv.Domain.csproj", "{152E575C-86FA-486A-8AE1-152389236C67}"
EndProject
Project("{9A19103F-16F7-4668-BE54-9A1E7A4F7556}") = "Zer0.Tv.Core", "Zer0.Tv.Core\Zer0.Tv.Core.csproj", "{3A49A888-2FF5-4099-9C56-C5EAA3D0FDDE}"
EndProject
Global
	GlobalSection(SolutionConfigurationPlatforms) = preSolution
		Debug|Any CPU = Debug|Any CPU
		Release|Any CPU = Release|Any CPU
	EndGlobalSection
	GlobalSection(ProjectConfigurationPlatforms) = postSolution
		{37A0D782-CEBB-4EA9-9EA7-C8D5BDBD6796}.Debug|Any CPU.ActiveCfg = Debug|Any CPU
		{37A0D782-CEBB-4EA9-9EA7-C8D5BDBD6796}.Debug|Any CPU.Build.0 = Debug|Any CPU
		{37A0D782-CEBB-4EA9-9EA7-C8D5BDBD6796}.Release|Any CPU.ActiveCfg = Release|Any CPU
		{37A0D782-CEBB-4EA9-9EA7-C8D5BDBD6796}.Release|Any CPU.Build.0 = Release|Any CPU
		{2667219D-D81B-4D8B-A989-34A7B8898206}.Debug|Any CPU.ActiveCfg = Debug|Any CPU
		{2667219D-D81B-4D8B-A989-34A7B8898206}.Debug|Any CPU.Build.0 = Debug|Any CPU
		{2667219D-D81B-4D8B-A989-34A7B8898206}.Release|Any CPU.ActiveCfg = Release|Any CPU
		{2667219D-D81B-4D8B-A989-34A7B8898206}.Release|Any CPU.Build.0 = Release|Any CPU
		{152E575C-86FA-486A-8AE1-152389236C67}.Debug|Any CPU.ActiveCfg = Debug|Any CPU
		{152E575C-86FA-486A-8AE1-152389236C67}.Debug|Any CPU.Build.0 = Debug|Any CPU
		{152E575C-86FA-486A-8AE1-152389236C67}.Release|Any CPU.ActiveCfg = Release|Any CPU
		{152E575C-86FA-486A-8AE1-152389236C67}.Release|Any CPU.Build.0 = Release|Any CPU
		{3A49A888-2FF5-4099-9C56-C5EAA3D0FDDE}.Debug|Any CPU.ActiveCfg = Debug|Any CPU
		{3A49A888-2FF5-4099-9C56-C5EAA3D0FDDE}.Debug|Any CPU.Build.0 = Debug|Any CPU
		{3A49A888-2FF5-4099-9C56-C5EAA3D0FDDE}.Release|Any CPU.ActiveCfg = Release|Any CPU
		{3A49A888-2FF5-4099-9C56-C5EAA3D0FDDE}.Release|Any CPU.Build.0 = Release|Any CPU
	EndGlobalSection
	GlobalSection(SolutionProperties) = preSolution
		HideSolutionNode = FALSE
	EndGlobalSection
	GlobalSection(ExtensibilityGlobals) = postSolution
		SolutionGuid = {DC5359E7-E233-4007-A77B-F90F63E691B1}
	EndGlobalSection
EndGlobal
